
Microsoft Visual Studio Solution File, Format Version 12.00
# Visual Studio 15
VisualStudioVersion = 15.0.28307.489
MinimumVisualStudioVersion = 10.0.40219.1
Project("{FAE04EC0-301F-11D3-BF4B-00C04F79EFBC}") = "Carplar.Shop", "Carplar.Shop\Carplar.Shop.csproj", "{29F123F7-AD03-4E47-81DF-066CF6D3AF8B}"
EndProject
Global
	GlobalSection(SolutionConfigurationPlatforms) = preSolution
		Debug|Any CPU = Debug|Any CPU
		Release|Any CPU = Release|Any CPU
	EndGlobalSection
	GlobalSection(ProjectConfigurationPlatforms) = postSolution
		{29F123F7-AD03-4E47-81DF-066CF6D3AF8B}.Debug|Any CPU.ActiveCfg = Debug|Any CPU
		{29F123F7-AD03-4E47-81DF-066CF6D3AF8B}.Debug|Any CPU.Build.0 = Debug|Any CPU
		{29F123F7-AD03-4E47-81DF-066CF6D3AF8B}.Release|Any CPU.ActiveCfg = Release|Any CPU
		{29F123F7-AD03-4E47-81DF-066CF6D3AF8B}.Release|Any CPU.Build.0 = Release|Any CPU
	EndGlobalSection
	GlobalSection(SolutionProperties) = preSolution
		HideSolutionNode = FALSE
	EndGlobalSection
	GlobalSection(ExtensibilityGlobals) = postSolution
		SolutionGuid = {68A2ABA2-77A2-4FE7-A551-A3CAE53642F0}
	EndGlobalSection
EndGlobal
